
Microsoft Visual Studio Solution File, Format Version 12.00
# Visual Studio Version 17
VisualStudioVersion = 17.5.33627.172
MinimumVisualStudioVersion = 10.0.40219.1
Project("{8BC9CEB8-8B4A-11D0-8D11-00A0C91BC942}") = "Client ChatCPP", "Client ChatCPP\Client ChatCPP.vcxproj", "{4066BF9F-9F0F-4007-A68A-3185A5410EB6}"
EndProject
Global
	GlobalSection(SolutionConfigurationPlatforms) = preSolution
		Debug|x64 = Debug|x64
		Debug|x86 = Debug|x86
		Release|x64 = Release|x64
		Release|x86 = Release|x86
	EndGlobalSection
	GlobalSection(ProjectConfigurationPlatforms) = postSolution
		{4066BF9F-9F0F-4007-A68A-3185A5410EB6}.Debug|x64.ActiveCfg = Debug|x64
		{4066BF9F-9F0F-4007-A68A-3185A5410EB6}.Debug|x64.Build.0 = Debug|x64
		{4066BF9F-9F0F-4007-A68A-3185A5410EB6}.Debug|x86.ActiveCfg = Debug|Win32
		{4066BF9F-9F0F-4007-A68A-3185A5410EB6}.Debug|x86.Build.0 = Debug|Win32
		{4066BF9F-9F0F-4007-A68A-3185A5410EB6}.Release|x64.ActiveCfg = Release|x64
		{4066BF9F-9F0F-4007-A68A-3185A5410EB6}.Release|x64.Build.0 = Release|x64
		{4066BF9F-9F0F-4007-A68A-3185A5410EB6}.Release|x86.ActiveCfg = Release|Win32
		{4066BF9F-9F0F-4007-A68A-3185A5410EB6}.Release|x86.Build.0 = Release|Win32
	EndGlobalSection
	GlobalSection(SolutionProperties) = preSolution
		HideSolutionNode = FALSE
	EndGlobalSection
	GlobalSection(ExtensibilityGlobals) = postSolution
		SolutionGuid = {BAFFCA2B-7CFB-4389-A07A-F09852F88656}
	EndGlobalSection
EndGlobal
